// !$*UTF8*$!
{
	archiveVersion = 1;
	classes = {
	};
	objectVersion = 50;
	objects = {

/* Begin PBXBuildFile section */
		2673BCBC245308D600908E61 /* AppDelegate.swift in Sources */ = {isa = PBXBuildFile; fileRef = 2673BCBB245308D600908E61 /* AppDelegate.swift */; };
		2673BCBE245308D600908E61 /* SceneDelegate.swift in Sources */ = {isa = PBXBuildFile; fileRef = 2673BCBD245308D600908E61 /* SceneDelegate.swift */; };
		2673BCC0245308D600908E61 /* ContentView.swift in Sources */ = {isa = PBXBuildFile; fileRef = 2673BCBF245308D600908E61 /* ContentView.swift */; };
		2673BCC2245308D800908E61 /* Assets.xcassets in Resources */ = {isa = PBXBuildFile; fileRef = 2673BCC1245308D800908E61 /* Assets.xcassets */; };
		2673BCC5245308D800908E61 /* Preview Assets.xcassets in Resources */ = {isa = PBXBuildFile; fileRef = 2673BCC4245308D800908E61 /* Preview Assets.xcassets */; };
		2673BCC8245308D800908E61 /* LaunchScreen.storyboard in Resources */ = {isa = PBXBuildFile; fileRef = 2673BCC6245308D800908E61 /* LaunchScreen.storyboard */; };
		2673BCE824548DEE00908E61 /* OrderListView.swift in Sources */ = {isa = PBXBuildFile; fileRef = 2673BCE724548DEE00908E61 /* OrderListView.swift */; };
		2673BCEA24548E8400908E61 /* MenuListView.swift in Sources */ = {isa = PBXBuildFile; fileRef = 2673BCE924548E8400908E61 /* MenuListView.swift */; };
		2673BCEC24548EED00908E61 /* ContentHeaderView.swift in Sources */ = {isa = PBXBuildFile; fileRef = 2673BCEB24548EED00908E61 /* ContentHeaderView.swift */; };
		2673BCEE2454900100908E61 /* OrderRowView.swift in Sources */ = {isa = PBXBuildFile; fileRef = 2673BCED2454900100908E61 /* OrderRowView.swift */; };
		2673BCF02454905000908E61 /* MenuRowView.swift in Sources */ = {isa = PBXBuildFile; fileRef = 2673BCEF2454905000908E61 /* MenuRowView.swift */; };
		2673BCF22454908F00908E61 /* RatingsView.swift in Sources */ = {isa = PBXBuildFile; fileRef = 2673BCF12454908F00908E61 /* RatingsView.swift */; };
		2673BCF52454919900908E61 /* PageTitleView.swift in Sources */ = {isa = PBXBuildFile; fileRef = 2673BCF42454919900908E61 /* PageTitleView.swift */; };
		2673BCF72454931700908E61 /* HistoryRowView.swift in Sources */ = {isa = PBXBuildFile; fileRef = 2673BCF62454931700908E61 /* HistoryRowView.swift */; };
		2673BCF9245493B200908E61 /* HistoryListView.swift in Sources */ = {isa = PBXBuildFile; fileRef = 2673BCF8245493B200908E61 /* HistoryListView.swift */; };
		2673BCFB2454942800908E61 /* HistoryView.swift in Sources */ = {isa = PBXBuildFile; fileRef = 2673BCFA2454942800908E61 /* HistoryView.swift */; };
		2673BCFD245496FD00908E61 /* ListHeaderView.swift in Sources */ = {isa = PBXBuildFile; fileRef = 2673BCFC245496FD00908E61 /* ListHeaderView.swift */; };
		2673BCFF2454E47000908E61 /* SelectedImageView.swift in Sources */ = {isa = PBXBuildFile; fileRef = 2673BCFE2454E47000908E61 /* SelectedImageView.swift */; };
		2673BD032455008F00908E61 /* MenuModel.swift in Sources */ = {isa = PBXBuildFile; fileRef = 2673BD002455008F00908E61 /* MenuModel.swift */; };
		2673BD042455008F00908E61 /* OrderModel.swift in Sources */ = {isa = PBXBuildFile; fileRef = 2673BD012455008F00908E61 /* OrderModel.swift */; };
		2673BD052455008F00908E61 /* HistoryModel.swift in Sources */ = {isa = PBXBuildFile; fileRef = 2673BD022455008F00908E61 /* HistoryModel.swift */; };
		2673BD07245505C300908E61 /* MenuDetailView.swift in Sources */ = {isa = PBXBuildFile; fileRef = 2673BD06245505C300908E61 /* MenuDetailView.swift */; };
		2673BD09245518BE00908E61 /* HistoryDetailView.swift in Sources */ = {isa = PBXBuildFile; fileRef = 2673BD08245518BE00908E61 /* HistoryDetailView.swift */; };
		2673BD0B245548FA00908E61 /* RootTabView.swift in Sources */ = {isa = PBXBuildFile; fileRef = 2673BD0A245548FA00908E61 /* RootTabView.swift */; };
		2673BD0D24554FAD00908E61 /* ConfirmView.swift in Sources */ = {isa = PBXBuildFile; fileRef = 2673BD0C24554FAD00908E61 /* ConfirmView.swift */; };
		2673BD0F2455C5A500908E61 /* QuantityStepperView.swift in Sources */ = {isa = PBXBuildFile; fileRef = 2673BD0E2455C5A500908E61 /* QuantityStepperView.swift */; };
		2673BD112455C94800908E61 /* MapViewController.swift in Sources */ = {isa = PBXBuildFile; fileRef = 2673BD102455C94800908E61 /* MapViewController.swift */; };
		2673BD132455C96600908E61 /* MapView.swift in Sources */ = {isa = PBXBuildFile; fileRef = 2673BD122455C96600908E61 /* MapView.swift */; };
		2673BD152455E46100908E61 /* CloseUpMapView.swift in Sources */ = {isa = PBXBuildFile; fileRef = 2673BD142455E46100908E61 /* CloseUpMapView.swift */; };
/* End PBXBuildFile section */

/* Begin PBXFileReference section */
		2673BCB8245308D600908E61 /* LearnSwiftUi.app */ = {isa = PBXFileReference; explicitFileType = wrapper.application; includeInIndex = 0; path = LearnSwiftUi.app; sourceTree = BUILT_PRODUCTS_DIR; };
		2673BCBB245308D600908E61 /* AppDelegate.swift */ = {isa = PBXFileReference; lastKnownFileType = sourcecode.swift; path = AppDelegate.swift; sourceTree = "<group>"; };
		2673BCBD245308D600908E61 /* SceneDelegate.swift */ = {isa = PBXFileReference; lastKnownFileType = sourcecode.swift; path = SceneDelegate.swift; sourceTree = "<group>"; };
		2673BCBF245308D600908E61 /* ContentView.swift */ = {isa = PBXFileReference; lastKnownFileType = sourcecode.swift; path = ContentView.swift; sourceTree = "<group>"; };
		2673BCC1245308D800908E61 /* Assets.xcassets */ = {isa = PBXFileReference; lastKnownFileType = folder.assetcatalog; path = Assets.xcassets; sourceTree = "<group>"; };
		2673BCC4245308D800908E61 /* Preview Assets.xcassets */ = {isa = PBXFileReference; lastKnownFileType = folder.assetcatalog; path = "Preview Assets.xcassets"; sourceTree = "<group>"; };
		2673BCC7245308D800908E61 /* Base */ = {isa = PBXFileReference; lastKnownFileType = file.storyboard; name = Base; path = Base.lproj/LaunchScreen.storyboard; sourceTree = "<group>"; };
		2673BCC9245308D800908E61 /* Info.plist */ = {isa = PBXFileReference; lastKnownFileType = text.plist.xml; path = Info.plist; sourceTree = "<group>"; };
		2673BCE724548DEE00908E61 /* OrderListView.swift */ = {isa = PBXFileReference; lastKnownFileType = sourcecode.swift; path = OrderListView.swift; sourceTree = "<group>"; };
		2673BCE924548E8400908E61 /* MenuListView.swift */ = {isa = PBXFileReference; lastKnownFileType = sourcecode.swift; path = MenuListView.swift; sourceTree = "<group>"; };
		2673BCEB24548EED00908E61 /* ContentHeaderView.swift */ = {isa = PBXFileReference; lastKnownFileType = sourcecode.swift; path = ContentHeaderView.swift; sourceTree = "<group>"; };
		2673BCED2454900100908E61 /* OrderRowView.swift */ = {isa = PBXFileReference; lastKnownFileType = sourcecode.swift; path = OrderRowView.swift; sourceTree = "<group>"; };
		2673BCEF2454905000908E61 /* MenuRowView.swift */ = {isa = PBXFileReference; lastKnownFileType = sourcecode.swift; path = MenuRowView.swift; sourceTree = "<group>"; };
		2673BCF12454908F00908E61 /* RatingsView.swift */ = {isa = PBXFileReference; lastKnownFileType = sourcecode.swift; path = RatingsView.swift; sourceTree = "<group>"; };
		2673BCF42454919900908E61 /* PageTitleView.swift */ = {isa = PBXFileReference; lastKnownFileType = sourcecode.swift; path = PageTitleView.swift; sourceTree = "<group>"; };
		2673BCF62454931700908E61 /* HistoryRowView.swift */ = {isa = PBXFileReference; lastKnownFileType = sourcecode.swift; path = HistoryRowView.swift; sourceTree = "<group>"; };
		2673BCF8245493B200908E61 /* HistoryListView.swift */ = {isa = PBXFileReference; lastKnownFileType = sourcecode.swift; path = HistoryListView.swift; sourceTree = "<group>"; };
		2673BCFA2454942800908E61 /* HistoryView.swift */ = {isa = PBXFileReference; lastKnownFileType = sourcecode.swift; path = HistoryView.swift; sourceTree = "<group>"; };
		2673BCFC245496FD00908E61 /* ListHeaderView.swift */ = {isa = PBXFileReference; lastKnownFileType = sourcecode.swift; path = ListHeaderView.swift; sourceTree = "<group>"; };
		2673BCFE2454E47000908E61 /* SelectedImageView.swift */ = {isa = PBXFileReference; lastKnownFileType = sourcecode.swift; path = SelectedImageView.swift; sourceTree = "<group>"; };
		2673BD002455008F00908E61 /* MenuModel.swift */ = {isa = PBXFileReference; fileEncoding = 4; lastKnownFileType = sourcecode.swift; path = MenuModel.swift; sourceTree = "<group>"; };
		2673BD012455008F00908E61 /* OrderModel.swift */ = {isa = PBXFileReference; fileEncoding = 4; lastKnownFileType = sourcecode.swift; path = OrderModel.swift; sourceTree = "<group>"; };
		2673BD022455008F00908E61 /* HistoryModel.swift */ = {isa = PBXFileReference; fileEncoding = 4; lastKnownFileType = sourcecode.swift; path = HistoryModel.swift; sourceTree = "<group>"; };
		2673BD06245505C300908E61 /* MenuDetailView.swift */ = {isa = PBXFileReference; fileEncoding = 4; lastKnownFileType = sourcecode.swift; path = MenuDetailView.swift; sourceTree = "<group>"; };
		2673BD08245518BE00908E61 /* HistoryDetailView.swift */ = {isa = PBXFileReference; fileEncoding = 4; lastKnownFileType = sourcecode.swift; path = HistoryDetailView.swift; sourceTree = "<group>"; };
		2673BD0A245548FA00908E61 /* RootTabView.swift */ = {isa = PBXFileReference; lastKnownFileType = sourcecode.swift; path = RootTabView.swift; sourceTree = "<group>"; };
		2673BD0C24554FAD00908E61 /* ConfirmView.swift */ = {isa = PBXFileReference; fileEncoding = 4; lastKnownFileType = sourcecode.swift; path = ConfirmView.swift; sourceTree = "<group>"; };
		2673BD0E2455C5A500908E61 /* QuantityStepperView.swift */ = {isa = PBXFileReference; lastKnownFileType = sourcecode.swift; path = QuantityStepperView.swift; sourceTree = "<group>"; };
		2673BD102455C94800908E61 /* MapViewController.swift */ = {isa = PBXFileReference; fileEncoding = 4; lastKnownFileType = sourcecode.swift; path = MapViewController.swift; sourceTree = "<group>"; };
		2673BD122455C96600908E61 /* MapView.swift */ = {isa = PBXFileReference; lastKnownFileType = sourcecode.swift; path = MapView.swift; sourceTree = "<group>"; };
		2673BD142455E46100908E61 /* CloseUpMapView.swift */ = {isa = PBXFileReference; fileEncoding = 4; lastKnownFileType = sourcecode.swift; path = CloseUpMapView.swift; sourceTree = "<group>"; };
/* End PBXFileReference section */

/* Begin PBXFrameworksBuildPhase section */
		2673BCB5245308D600908E61 /* Frameworks */ = {
			isa = PBXFrameworksBuildPhase;
			buildActionMask = 2147483647;
			files = (
			);
			runOnlyForDeploymentPostprocessing = 0;
		};
/* End PBXFrameworksBuildPhase section */

/* Begin PBXGroup section */
		2673BCAF245308D600908E61 = {
			isa = PBXGroup;
			children = (
				2673BCBA245308D600908E61 /* LearnSwiftUi */,
				2673BCB9245308D600908E61 /* Products */,
			);
			sourceTree = "<group>";
		};
		2673BCB9245308D600908E61 /* Products */ = {
			isa = PBXGroup;
			children = (
				2673BCB8245308D600908E61 /* LearnSwiftUi.app */,
			);
			name = Products;
			sourceTree = "<group>";
		};
		2673BCBA245308D600908E61 /* LearnSwiftUi */ = {
			isa = PBXGroup;
			children = (
				2673BCFC245496FD00908E61 /* ListHeaderView.swift */,
				2673BD0A245548FA00908E61 /* RootTabView.swift */,
				2673BCE624548DD100908E61 /* HistoryView */,
				2673BCE524548DCB00908E61 /* Model */,
				2673BCE424548DC100908E61 /* MenuView */,
				2673BCE324548DAC00908E61 /* OrderView */,
				2673BCBB245308D600908E61 /* AppDelegate.swift */,
				2673BCBD245308D600908E61 /* SceneDelegate.swift */,
				2673BCBF245308D600908E61 /* ContentView.swift */,
				2673BCEB24548EED00908E61 /* ContentHeaderView.swift */,
				2673BCF42454919900908E61 /* PageTitleView.swift */,
				2673BCFE2454E47000908E61 /* SelectedImageView.swift */,
				2673BCC1245308D800908E61 /* Assets.xcassets */,
				2673BCC6245308D800908E61 /* LaunchScreen.storyboard */,
				2673BCC9245308D800908E61 /* Info.plist */,
				2673BCC3245308D800908E61 /* Preview Content */,
			);
			path = LearnSwiftUi;
			sourceTree = "<group>";
		};
		2673BCC3245308D800908E61 /* Preview Content */ = {
			isa = PBXGroup;
			children = (
				2673BCC4245308D800908E61 /* Preview Assets.xcassets */,
			);
			path = "Preview Content";
			sourceTree = "<group>";
		};
		2673BCE324548DAC00908E61 /* OrderView */ = {
			isa = PBXGroup;
			children = (
				2673BCE724548DEE00908E61 /* OrderListView.swift */,
				2673BCED2454900100908E61 /* OrderRowView.swift */,
			);
			path = OrderView;
			sourceTree = "<group>";
		};
		2673BCE424548DC100908E61 /* MenuView */ = {
			isa = PBXGroup;
			children = (
				2673BCE924548E8400908E61 /* MenuListView.swift */,
				2673BD06245505C300908E61 /* MenuDetailView.swift */,
				2673BD0E2455C5A500908E61 /* QuantityStepperView.swift */,
				2673BD0C24554FAD00908E61 /* ConfirmView.swift */,
				2673BCEF2454905000908E61 /* MenuRowView.swift */,
				2673BCF12454908F00908E61 /* RatingsView.swift */,
			);
			path = MenuView;
			sourceTree = "<group>";
		};
		2673BCE524548DCB00908E61 /* Model */ = {
			isa = PBXGroup;
			children = (
				2673BD022455008F00908E61 /* HistoryModel.swift */,
				2673BD002455008F00908E61 /* MenuModel.swift */,
				2673BD012455008F00908E61 /* OrderModel.swift */,
			);
			path = Model;
			sourceTree = "<group>";
		};
		2673BCE624548DD100908E61 /* HistoryView */ = {
			isa = PBXGroup;
			children = (
				2673BCF62454931700908E61 /* HistoryRowView.swift */,
				2673BD08245518BE00908E61 /* HistoryDetailView.swift */,
				2673BD102455C94800908E61 /* MapViewController.swift */,
				2673BD122455C96600908E61 /* MapView.swift */,
				2673BD142455E46100908E61 /* CloseUpMapView.swift */,
				2673BCF8245493B200908E61 /* HistoryListView.swift */,
				2673BCFA2454942800908E61 /* HistoryView.swift */,
			);
			path = HistoryView;
			sourceTree = "<group>";
		};
/* End PBXGroup section */

/* Begin PBXNativeTarget section */
		2673BCB7245308D600908E61 /* LearnSwiftUi */ = {
			isa = PBXNativeTarget;
			buildConfigurationList = 2673BCCC245308D800908E61 /* Build configuration list for PBXNativeTarget "LearnSwiftUi" */;
			buildPhases = (
				2673BCB4245308D600908E61 /* Sources */,
				2673BCB5245308D600908E61 /* Frameworks */,
				2673BCB6245308D600908E61 /* Resources */,
			);
			buildRules = (
			);
			dependencies = (
			);
			name = LearnSwiftUi;
			productName = LearnSwiftUi;
			productReference = 2673BCB8245308D600908E61 /* LearnSwiftUi.app */;
			productType = "com.apple.product-type.application";
		};
/* End PBXNativeTarget section */

/* Begin PBXProject section */
		2673BCB0245308D600908E61 /* Project object */ = {
			isa = PBXProject;
			attributes = {
				LastSwiftUpdateCheck = 1140;
				LastUpgradeCheck = 1140;
				TargetAttributes = {
					2673BCB7245308D600908E61 = {
						CreatedOnToolsVersion = 11.4.1;
					};
				};
			};
			buildConfigurationList = 2673BCB3245308D600908E61 /* Build configuration list for PBXProject "LearnSwiftUi" */;
			compatibilityVersion = "Xcode 9.3";
			developmentRegion = en;
			hasScannedForEncodings = 0;
			knownRegions = (
				en,
				Base,
			);
			mainGroup = 2673BCAF245308D600908E61;
			productRefGroup = 2673BCB9245308D600908E61 /* Products */;
			projectDirPath = "";
			projectRoot = "";
			targets = (
				2673BCB7245308D600908E61 /* LearnSwiftUi */,
			);
		};
/* End PBXProject section */

/* Begin PBXResourcesBuildPhase section */
		2673BCB6245308D600908E61 /* Resources */ = {
			isa = PBXResourcesBuildPhase;
			buildActionMask = 2147483647;
			files = (
				2673BCC8245308D800908E61 /* LaunchScreen.storyboard in Resources */,
				2673BCC5245308D800908E61 /* Preview Assets.xcassets in Resources */,
				2673BCC2245308D800908E61 /* Assets.xcassets in Resources */,
			);
			runOnlyForDeploymentPostprocessing = 0;
		};
/* End PBXResourcesBuildPhase section */

/* Begin PBXSourcesBuildPhase section */
		2673BCB4245308D600908E61 /* Sources */ = {
			isa = PBXSourcesBuildPhase;
			buildActionMask = 2147483647;
			files = (
				2673BD0F2455C5A500908E61 /* QuantityStepperView.swift in Sources */,
				2673BD042455008F00908E61 /* OrderModel.swift in Sources */,
				2673BD032455008F00908E61 /* MenuModel.swift in Sources */,
				2673BD09245518BE00908E61 /* HistoryDetailView.swift in Sources */,
				2673BD07245505C300908E61 /* MenuDetailView.swift in Sources */,
				2673BD052455008F00908E61 /* HistoryModel.swift in Sources */,
				2673BCBC245308D600908E61 /* AppDelegate.swift in Sources */,
				2673BD112455C94800908E61 /* MapViewController.swift in Sources */,
				2673BCF72454931700908E61 /* HistoryRowView.swift in Sources */,
				2673BD0B245548FA00908E61 /* RootTabView.swift in Sources */,
				2673BCEA24548E8400908E61 /* MenuListView.swift in Sources */,
				2673BCF52454919900908E61 /* PageTitleView.swift in Sources */,
				2673BD132455C96600908E61 /* MapView.swift in Sources */,
				2673BCFB2454942800908E61 /* HistoryView.swift in Sources */,
				2673BCE824548DEE00908E61 /* OrderListView.swift in Sources */,
				2673BD152455E46100908E61 /* CloseUpMapView.swift in Sources */,
				2673BCEC24548EED00908E61 /* ContentHeaderView.swift in Sources */,
				2673BCFF2454E47000908E61 /* SelectedImageView.swift in Sources */,
				2673BCFD245496FD00908E61 /* ListHeaderView.swift in Sources */,
				2673BCF22454908F00908E61 /* RatingsView.swift in Sources */,
				2673BCF02454905000908E61 /* MenuRowView.swift in Sources */,
				2673BCBE245308D600908E61 /* SceneDelegate.swift in Sources */,
				2673BCF9245493B200908E61 /* HistoryListView.swift in Sources */,
				2673BD0D24554FAD00908E61 /* ConfirmView.swift in Sources */,
				2673BCEE2454900100908E61 /* OrderRowView.swift in Sources */,
				2673BCC0245308D600908E61 /* ContentView.swift in Sources */,
			);
			runOnlyForDeploymentPostprocessing = 0;
		};
/* End PBXSourcesBuildPhase section */

/* Begin PBXVariantGroup section */
		2673BCC6245308D800908E61 /* LaunchScreen.storyboard */ = {
			isa = PBXVariantGroup;
			children = (
				2673BCC7245308D800908E61 /* Base */,
			);
			name = LaunchScreen.storyboard;
			sourceTree = "<group>";
		};
/* End PBXVariantGroup section */

/* Begin XCBuildConfiguration section */
		2673BCCA245308D800908E61 /* Debug */ = {
			isa = XCBuildConfiguration;
			buildSettings = {
				ALWAYS_SEARCH_USER_PATHS = NO;
				CLANG_ANALYZER_NONNULL = YES;
				CLANG_ANALYZER_NUMBER_OBJECT_CONVERSION = YES_AGGRESSIVE;
				CLANG_CXX_LANGUAGE_STANDARD = "gnu++14";
				CLANG_CXX_LIBRARY = "libc++";
				CLANG_ENABLE_MODULES = YES;
				CLANG_ENABLE_OBJC_ARC = YES;
				CLANG_ENABLE_OBJC_WEAK = YES;
				CLANG_WARN_BLOCK_CAPTURE_AUTORELEASING = YES;
				CLANG_WARN_BOOL_CONVERSION = YES;
				CLANG_WARN_COMMA = YES;
				CLANG_WARN_CONSTANT_CONVERSION = YES;
				CLANG_WARN_DEPRECATED_OBJC_IMPLEMENTATIONS = YES;
				CLANG_WARN_DIRECT_OBJC_ISA_USAGE = YES_ERROR;
				CLANG_WARN_DOCUMENTATION_COMMENTS = YES;
				CLANG_WARN_EMPTY_BODY = YES;
				CLANG_WARN_ENUM_CONVERSION = YES;
				CLANG_WARN_INFINITE_RECURSION = YES;
				CLANG_WARN_INT_CONVERSION = YES;
				CLANG_WARN_NON_LITERAL_NULL_CONVERSION = YES;
				CLANG_WARN_OBJC_IMPLICIT_RETAIN_SELF = YES;
				CLANG_WARN_OBJC_LITERAL_CONVERSION = YES;
				CLANG_WARN_OBJC_ROOT_CLASS = YES_ERROR;
				CLANG_WARN_RANGE_LOOP_ANALYSIS = YES;
				CLANG_WARN_STRICT_PROTOTYPES = YES;
				CLANG_WARN_SUSPICIOUS_MOVE = YES;
				CLANG_WARN_UNGUARDED_AVAILABILITY = YES_AGGRESSIVE;
				CLANG_WARN_UNREACHABLE_CODE = YES;
				CLANG_WARN__DUPLICATE_METHOD_MATCH = YES;
				COPY_PHASE_STRIP = NO;
				DEBUG_INFORMATION_FORMAT = dwarf;
				ENABLE_STRICT_OBJC_MSGSEND = YES;
				ENABLE_TESTABILITY = YES;
				GCC_C_LANGUAGE_STANDARD = gnu11;
				GCC_DYNAMIC_NO_PIC = NO;
				GCC_NO_COMMON_BLOCKS = YES;
				GCC_OPTIMIZATION_LEVEL = 0;
				GCC_PREPROCESSOR_DEFINITIONS = (
					"DEBUG=1",
					"$(inherited)",
				);
				GCC_WARN_64_TO_32_BIT_CONVERSION = YES;
				GCC_WARN_ABOUT_RETURN_TYPE = YES_ERROR;
				GCC_WARN_UNDECLARED_SELECTOR = YES;
				GCC_WARN_UNINITIALIZED_AUTOS = YES_AGGRESSIVE;
				GCC_WARN_UNUSED_FUNCTION = YES;
				GCC_WARN_UNUSED_VARIABLE = YES;
				IPHONEOS_DEPLOYMENT_TARGET = 13.4;
				MTL_ENABLE_DEBUG_INFO = INCLUDE_SOURCE;
				MTL_FAST_MATH = YES;
				ONLY_ACTIVE_ARCH = YES;
				SDKROOT = iphoneos;
				SWIFT_ACTIVE_COMPILATION_CONDITIONS = DEBUG;
				SWIFT_OPTIMIZATION_LEVEL = "-Onone";
			};
			name = Debug;
		};
		2673BCCB245308D800908E61 /* Release */ = {
			isa = XCBuildConfiguration;
			buildSettings = {
				ALWAYS_SEARCH_USER_PATHS = NO;
				CLANG_ANALYZER_NONNULL = YES;
				CLANG_ANALYZER_NUMBER_OBJECT_CONVERSION = YES_AGGRESSIVE;
				CLANG_CXX_LANGUAGE_STANDARD = "gnu++14";
				CLANG_CXX_LIBRARY = "libc++";
				CLANG_ENABLE_MODULES = YES;
				CLANG_ENABLE_OBJC_ARC = YES;
				CLANG_ENABLE_OBJC_WEAK = YES;
				CLANG_WARN_BLOCK_CAPTURE_AUTORELEASING = YES;
				CLANG_WARN_BOOL_CONVERSION = YES;
				CLANG_WARN_COMMA = YES;
				CLANG_WARN_CONSTANT_CONVERSION = YES;
				CLANG_WARN_DEPRECATED_OBJC_IMPLEMENTATIONS = YES;
				CLANG_WARN_DIRECT_OBJC_ISA_USAGE = YES_ERROR;
				CLANG_WARN_DOCUMENTATION_COMMENTS = YES;
				CLANG_WARN_EMPTY_BODY = YES;
				CLANG_WARN_ENUM_CONVERSION = YES;
				CLANG_WARN_INFINITE_RECURSION = YES;
				CLANG_WARN_INT_CONVERSION = YES;
				CLANG_WARN_NON_LITERAL_NULL_CONVERSION = YES;
				CLANG_WARN_OBJC_IMPLICIT_RETAIN_SELF = YES;
				CLANG_WARN_OBJC_LITERAL_CONVERSION = YES;
				CLANG_WARN_OBJC_ROOT_CLASS = YES_ERROR;
				CLANG_WARN_RANGE_LOOP_ANALYSIS = YES;
				CLANG_WARN_STRICT_PROTOTYPES = YES;
				CLANG_WARN_SUSPICIOUS_MOVE = YES;
				CLANG_WARN_UNGUARDED_AVAILABILITY = YES_AGGRESSIVE;
				CLANG_WARN_UNREACHABLE_CODE = YES;
				CLANG_WARN__DUPLICATE_METHOD_MATCH = YES;
				COPY_PHASE_STRIP = NO;
				DEBUG_INFORMATION_FORMAT = "dwarf-with-dsym";
				ENABLE_NS_ASSERTIONS = NO;
				ENABLE_STRICT_OBJC_MSGSEND = YES;
				GCC_C_LANGUAGE_STANDARD = gnu11;
				GCC_NO_COMMON_BLOCKS = YES;
				GCC_WARN_64_TO_32_BIT_CONVERSION = YES;
				GCC_WARN_ABOUT_RETURN_TYPE = YES_ERROR;
				GCC_WARN_UNDECLARED_SELECTOR = YES;
				GCC_WARN_UNINITIALIZED_AUTOS = YES_AGGRESSIVE;
				GCC_WARN_UNUSED_FUNCTION = YES;
				GCC_WARN_UNUSED_VARIABLE = YES;
				IPHONEOS_DEPLOYMENT_TARGET = 13.4;
				MTL_ENABLE_DEBUG_INFO = NO;
				MTL_FAST_MATH = YES;
				SDKROOT = iphoneos;
				SWIFT_COMPILATION_MODE = wholemodule;
				SWIFT_OPTIMIZATION_LEVEL = "-O";
				VALIDATE_PRODUCT = YES;
			};
			name = Release;
		};
		2673BCCD245308D800908E61 /* Debug */ = {
			isa = XCBuildConfiguration;
			buildSettings = {
				ASSETCATALOG_COMPILER_APPICON_NAME = AppIcon;
				CODE_SIGN_STYLE = Automatic;
				DEVELOPMENT_ASSET_PATHS = "\"LearnSwiftUi/Preview Content\"";
				ENABLE_PREVIEWS = YES;
				INFOPLIST_FILE = LearnSwiftUi/Info.plist;
				LD_RUNPATH_SEARCH_PATHS = (
					"$(inherited)",
					"@executable_path/Frameworks",
				);
				PRODUCT_BUNDLE_IDENTIFIER = com.vanessapr.LearnSwiftUi;
				PRODUCT_NAME = "$(TARGET_NAME)";
				SWIFT_VERSION = 5.0;
				TARGETED_DEVICE_FAMILY = "1,2";
			};
			name = Debug;
		};
		2673BCCE245308D800908E61 /* Release */ = {
			isa = XCBuildConfiguration;
			buildSettings = {
				ASSETCATALOG_COMPILER_APPICON_NAME = AppIcon;
				CODE_SIGN_STYLE = Automatic;
				DEVELOPMENT_ASSET_PATHS = "\"LearnSwiftUi/Preview Content\"";
				ENABLE_PREVIEWS = YES;
				INFOPLIST_FILE = LearnSwiftUi/Info.plist;
				LD_RUNPATH_SEARCH_PATHS = (
					"$(inherited)",
					"@executable_path/Frameworks",
				);
				PRODUCT_BUNDLE_IDENTIFIER = com.vanessapr.LearnSwiftUi;
				PRODUCT_NAME = "$(TARGET_NAME)";
				SWIFT_VERSION = 5.0;
				TARGETED_DEVICE_FAMILY = "1,2";
			};
			name = Release;
		};
/* End XCBuildConfiguration section */

/* Begin XCConfigurationList section */
		2673BCB3245308D600908E61 /* Build configuration list for PBXProject "LearnSwiftUi" */ = {
			isa = XCConfigurationList;
			buildConfigurations = (
				2673BCCA245308D800908E61 /* Debug */,
				2673BCCB245308D800908E61 /* Release */,
			);
			defaultConfigurationIsVisible = 0;
			defaultConfigurationName = Release;
		};
		2673BCCC245308D800908E61 /* Build configuration list for PBXNativeTarget "LearnSwiftUi" */ = {
			isa = XCConfigurationList;
			buildConfigurations = (
				2673BCCD245308D800908E61 /* Debug */,
				2673BCCE245308D800908E61 /* Release */,
			);
			defaultConfigurationIsVisible = 0;
			defaultConfigurationName = Release;
		};
/* End XCConfigurationList section */
	};
	rootObject = 2673BCB0245308D600908E61 /* Project object */;
}
